
Microsoft Visual Studio Solution File, Format Version 12.00
# Visual Studio 15
VisualStudioVersion = 15.0.26430.14
MinimumVisualStudioVersion = 10.0.40219.1
Project("{FAE04EC0-301F-11D3-BF4B-00C04F79EFBC}") = "LargestPalindrome", "LargestPalindrome\LargestPalindrome.csproj", "{23F4063C-8EC3-4923-8ED8-BB3B42464326}"
EndProject
Project("{FAE04EC0-301F-11D3-BF4B-00C04F79EFBC}") = "UnitTests", "UnitTests\UnitTests.csproj", "{1CC00F9E-942D-4728-9DCA-87546959CE57}"
EndProject
Global
	GlobalSection(SolutionConfigurationPlatforms) = preSolution
		Debug|Any CPU = Debug|Any CPU
		Release|Any CPU = Release|Any CPU
	EndGlobalSection
	GlobalSection(ProjectConfigurationPlatforms) = postSolution
		{23F4063C-8EC3-4923-8ED8-BB3B42464326}.Debug|Any CPU.ActiveCfg = Debug|Any CPU
		{23F4063C-8EC3-4923-8ED8-BB3B42464326}.Debug|Any CPU.Build.0 = Debug|Any CPU
		{23F4063C-8EC3-4923-8ED8-BB3B42464326}.Release|Any CPU.ActiveCfg = Release|Any CPU
		{23F4063C-8EC3-4923-8ED8-BB3B42464326}.Release|Any CPU.Build.0 = Release|Any CPU
		{1CC00F9E-942D-4728-9DCA-87546959CE57}.Debug|Any CPU.ActiveCfg = Debug|Any CPU
		{1CC00F9E-942D-4728-9DCA-87546959CE57}.Debug|Any CPU.Build.0 = Debug|Any CPU
		{1CC00F9E-942D-4728-9DCA-87546959CE57}.Release|Any CPU.ActiveCfg = Release|Any CPU
		{1CC00F9E-942D-4728-9DCA-87546959CE57}.Release|Any CPU.Build.0 = Release|Any CPU
	EndGlobalSection
	GlobalSection(SolutionProperties) = preSolution
		HideSolutionNode = FALSE
	EndGlobalSection
EndGlobal
